
Microsoft Visual Studio Solution File, Format Version 12.00
# Visual Studio Version 17
VisualStudioVersion = 17.3.32901.215
MinimumVisualStudioVersion = 10.0.40219.1
Project("{FAE04EC0-301F-11D3-BF4B-00C04F79EFBC}") = "ConsoleBVApp", "ConsoleBVApp\ConsoleBVApp.csproj", "{5CEFE581-84C0-4BD3-90C7-1F7657C97C9B}"
EndProject
Global
	GlobalSection(SolutionConfigurationPlatforms) = preSolution
		Debug|Any CPU = Debug|Any CPU
		Release|Any CPU = Release|Any CPU
	EndGlobalSection
	GlobalSection(ProjectConfigurationPlatforms) = postSolution
		{5CEFE581-84C0-4BD3-90C7-1F7657C97C9B}.Debug|Any CPU.ActiveCfg = Debug|Any CPU
		{5CEFE581-84C0-4BD3-90C7-1F7657C97C9B}.Debug|Any CPU.Build.0 = Debug|Any CPU
		{5CEFE581-84C0-4BD3-90C7-1F7657C97C9B}.Release|Any CPU.ActiveCfg = Release|Any CPU
		{5CEFE581-84C0-4BD3-90C7-1F7657C97C9B}.Release|Any CPU.Build.0 = Release|Any CPU
	EndGlobalSection
	GlobalSection(SolutionProperties) = preSolution
		HideSolutionNode = FALSE
	EndGlobalSection
	GlobalSection(ExtensibilityGlobals) = postSolution
		SolutionGuid = {78287CE7-DE69-4EA9-B03A-A36BDAF5E366}
	EndGlobalSection
EndGlobal
